// !$*UTF8*$!
{
	archiveVersion = 1;
	classes = {
	};
	objectVersion = 56;
	objects = {

/* Begin PBXBuildFile section */
		A8F27DB32C5DB99E00472488 /* TriviaApp.swift in Sources */ = {isa = PBXBuildFile; fileRef = A8F27DB22C5DB99E00472488 /* TriviaApp.swift */; };
		A8F27DB52C5DB99E00472488 /* ContentView.swift in Sources */ = {isa = PBXBuildFile; fileRef = A8F27DB42C5DB99E00472488 /* ContentView.swift */; };
		A8F27DB72C5DB9A100472488 /* Assets.xcassets in Resources */ = {isa = PBXBuildFile; fileRef = A8F27DB62C5DB9A100472488 /* Assets.xcassets */; };
		A8F27DBA2C5DB9A100472488 /* Preview Assets.xcassets in Resources */ = {isa = PBXBuildFile; fileRef = A8F27DB92C5DB9A100472488 /* Preview Assets.xcassets */; };
		A8F27DC42C5DB9A200472488 /* TriviaTests.swift in Sources */ = {isa = PBXBuildFile; fileRef = A8F27DC32C5DB9A200472488 /* TriviaTests.swift */; };
		A8F27DCE2C5DB9A200472488 /* TriviaUITests.swift in Sources */ = {isa = PBXBuildFile; fileRef = A8F27DCD2C5DB9A200472488 /* TriviaUITests.swift */; };
		A8F27DD02C5DB9A200472488 /* TriviaUITestsLaunchTests.swift in Sources */ = {isa = PBXBuildFile; fileRef = A8F27DCF2C5DB9A200472488 /* TriviaUITestsLaunchTests.swift */; };
		A8F27DE92C5DBE9A00472488 /* Auth in Frameworks */ = {isa = PBXBuildFile; productRef = A8F27DE82C5DBE9A00472488 /* Auth */; };
		A8F27DEB2C5DBE9A00472488 /* Realtime in Frameworks */ = {isa = PBXBuildFile; productRef = A8F27DEA2C5DBE9A00472488 /* Realtime */; };
		A8F27DED2C5DBE9A00472488 /* Storage in Frameworks */ = {isa = PBXBuildFile; productRef = A8F27DEC2C5DBE9A00472488 /* Storage */; };
		A8F27DEF2C5DBE9A00472488 /* Supabase in Frameworks */ = {isa = PBXBuildFile; productRef = A8F27DEE2C5DBE9A00472488 /* Supabase */; };
		A8F27DF12C5DC06B00472488 /* Question.swift in Sources */ = {isa = PBXBuildFile; fileRef = A8F27DF02C5DC06B00472488 /* Question.swift */; };
		A8F27DF32C5DC18400472488 /* QuestionView.swift in Sources */ = {isa = PBXBuildFile; fileRef = A8F27DF22C5DC18400472488 /* QuestionView.swift */; };
		A8F27DF52C5DC1B100472488 /* GameView.swift in Sources */ = {isa = PBXBuildFile; fileRef = A8F27DF42C5DC1B100472488 /* GameView.swift */; };
		A8F27DF72C5DC5C300472488 /* PostgREST in Frameworks */ = {isa = PBXBuildFile; productRef = A8F27DF62C5DC5C300472488 /* PostgREST */; };
		A8F27DF92C5DC96900472488 /* WelcomeView.swift in Sources */ = {isa = PBXBuildFile; fileRef = A8F27DF82C5DC96900472488 /* WelcomeView.swift */; };
		A8F27DFB2C5DC9A200472488 /* ScoreView.swift in Sources */ = {isa = PBXBuildFile; fileRef = A8F27DFA2C5DC9A200472488 /* ScoreView.swift */; };
		A8F27DFD2C5DD1F100472488 /* TriviaQuestionView.swift in Sources */ = {isa = PBXBuildFile; fileRef = A8F27DFC2C5DD1F100472488 /* TriviaQuestionView.swift */; };
		A8F27DFF2C5DDB6D00472488 /* CategoryView.swift in Sources */ = {isa = PBXBuildFile; fileRef = A8F27DFE2C5DDB6D00472488 /* CategoryView.swift */; };
		A8F27E092C5EAB4200472488 /* LoginView.swift in Sources */ = {isa = PBXBuildFile; fileRef = A8F27E082C5EAB4200472488 /* LoginView.swift */; };
		A8F27E0B2C5EAC0300472488 /* SignUpView.swift in Sources */ = {isa = PBXBuildFile; fileRef = A8F27E0A2C5EAC0300472488 /* SignUpView.swift */; };
/* End PBXBuildFile section */

/* Begin PBXContainerItemProxy section */
		A8F27DC02C5DB9A200472488 /* PBXContainerItemProxy */ = {
			isa = PBXContainerItemProxy;
			containerPortal = A8F27DA72C5DB99E00472488 /* Project object */;
			proxyType = 1;
			remoteGlobalIDString = A8F27DAE2C5DB99E00472488;
			remoteInfo = Trivia;
		};
		A8F27DCA2C5DB9A200472488 /* PBXContainerItemProxy */ = {
			isa = PBXContainerItemProxy;
			containerPortal = A8F27DA72C5DB99E00472488 /* Project object */;
			proxyType = 1;
			remoteGlobalIDString = A8F27DAE2C5DB99E00472488;
			remoteInfo = Trivia;
		};
/* End PBXContainerItemProxy section */

/* Begin PBXFileReference section */
		A8F27DAF2C5DB99E00472488 /* Trivia.app */ = {isa = PBXFileReference; explicitFileType = wrapper.application; includeInIndex = 0; path = Trivia.app; sourceTree = BUILT_PRODUCTS_DIR; };
		A8F27DB22C5DB99E00472488 /* TriviaApp.swift */ = {isa = PBXFileReference; lastKnownFileType = sourcecode.swift; path = TriviaApp.swift; sourceTree = "<group>"; };
		A8F27DB42C5DB99E00472488 /* ContentView.swift */ = {isa = PBXFileReference; lastKnownFileType = sourcecode.swift; path = ContentView.swift; sourceTree = "<group>"; };
		A8F27DB62C5DB9A100472488 /* Assets.xcassets */ = {isa = PBXFileReference; lastKnownFileType = folder.assetcatalog; path = Assets.xcassets; sourceTree = "<group>"; };
		A8F27DB92C5DB9A100472488 /* Preview Assets.xcassets */ = {isa = PBXFileReference; lastKnownFileType = folder.assetcatalog; path = "Preview Assets.xcassets"; sourceTree = "<group>"; };
		A8F27DBF2C5DB9A200472488 /* TriviaTests.xctest */ = {isa = PBXFileReference; explicitFileType = wrapper.cfbundle; includeInIndex = 0; path = TriviaTests.xctest; sourceTree = BUILT_PRODUCTS_DIR; };
		A8F27DC32C5DB9A200472488 /* TriviaTests.swift */ = {isa = PBXFileReference; lastKnownFileType = sourcecode.swift; path = TriviaTests.swift; sourceTree = "<group>"; };
		A8F27DC92C5DB9A200472488 /* TriviaUITests.xctest */ = {isa = PBXFileReference; explicitFileType = wrapper.cfbundle; includeInIndex = 0; path = TriviaUITests.xctest; sourceTree = BUILT_PRODUCTS_DIR; };
		A8F27DCD2C5DB9A200472488 /* TriviaUITests.swift */ = {isa = PBXFileReference; lastKnownFileType = sourcecode.swift; path = TriviaUITests.swift; sourceTree = "<group>"; };
		A8F27DCF2C5DB9A200472488 /* TriviaUITestsLaunchTests.swift */ = {isa = PBXFileReference; lastKnownFileType = sourcecode.swift; path = TriviaUITestsLaunchTests.swift; sourceTree = "<group>"; };
		A8F27DF02C5DC06B00472488 /* Question.swift */ = {isa = PBXFileReference; lastKnownFileType = sourcecode.swift; path = Question.swift; sourceTree = "<group>"; };
		A8F27DF22C5DC18400472488 /* QuestionView.swift */ = {isa = PBXFileReference; lastKnownFileType = sourcecode.swift; path = QuestionView.swift; sourceTree = "<group>"; };
		A8F27DF42C5DC1B100472488 /* GameView.swift */ = {isa = PBXFileReference; lastKnownFileType = sourcecode.swift; path = GameView.swift; sourceTree = "<group>"; };
		A8F27DF82C5DC96900472488 /* WelcomeView.swift */ = {isa = PBXFileReference; lastKnownFileType = sourcecode.swift; path = WelcomeView.swift; sourceTree = "<group>"; };
		A8F27DFA2C5DC9A200472488 /* ScoreView.swift */ = {isa = PBXFileReference; lastKnownFileType = sourcecode.swift; path = ScoreView.swift; sourceTree = "<group>"; };
		A8F27DFC2C5DD1F100472488 /* TriviaQuestionView.swift */ = {isa = PBXFileReference; lastKnownFileType = sourcecode.swift; path = TriviaQuestionView.swift; sourceTree = "<group>"; };
		A8F27DFE2C5DDB6D00472488 /* CategoryView.swift */ = {isa = PBXFileReference; lastKnownFileType = sourcecode.swift; path = CategoryView.swift; sourceTree = "<group>"; };
		A8F27E082C5EAB4200472488 /* LoginView.swift */ = {isa = PBXFileReference; lastKnownFileType = sourcecode.swift; path = LoginView.swift; sourceTree = "<group>"; };
		A8F27E0A2C5EAC0300472488 /* SignUpView.swift */ = {isa = PBXFileReference; lastKnownFileType = sourcecode.swift; path = SignUpView.swift; sourceTree = "<group>"; };
/* End PBXFileReference section */

/* Begin PBXFrameworksBuildPhase section */
		A8F27DAC2C5DB99E00472488 /* Frameworks */ = {
			isa = PBXFrameworksBuildPhase;
			buildActionMask = 2147483647;
			files = (
				A8F27DEF2C5DBE9A00472488 /* Supabase in Frameworks */,
				A8F27DED2C5DBE9A00472488 /* Storage in Frameworks */,
				A8F27DE92C5DBE9A00472488 /* Auth in Frameworks */,
				A8F27DEB2C5DBE9A00472488 /* Realtime in Frameworks */,
				A8F27DF72C5DC5C300472488 /* PostgREST in Frameworks */,
			);
			runOnlyForDeploymentPostprocessing = 0;
		};
		A8F27DBC2C5DB9A200472488 /* Frameworks */ = {
			isa = PBXFrameworksBuildPhase;
			buildActionMask = 2147483647;
			files = (
			);
			runOnlyForDeploymentPostprocessing = 0;
		};
		A8F27DC62C5DB9A200472488 /* Frameworks */ = {
			isa = PBXFrameworksBuildPhase;
			buildActionMask = 2147483647;
			files = (
			);
			runOnlyForDeploymentPostprocessing = 0;
		};
/* End PBXFrameworksBuildPhase section */

/* Begin PBXGroup section */
		A8F27DA62C5DB99E00472488 = {
			isa = PBXGroup;
			children = (
				A8F27E0A2C5EAC0300472488 /* SignUpView.swift */,
				A8F27E082C5EAB4200472488 /* LoginView.swift */,
				A8F27DFE2C5DDB6D00472488 /* CategoryView.swift */,
				A8F27DFC2C5DD1F100472488 /* TriviaQuestionView.swift */,
				A8F27DFA2C5DC9A200472488 /* ScoreView.swift */,
				A8F27DF82C5DC96900472488 /* WelcomeView.swift */,
				A8F27DF42C5DC1B100472488 /* GameView.swift */,
				A8F27DF22C5DC18400472488 /* QuestionView.swift */,
				A8F27DF02C5DC06B00472488 /* Question.swift */,
				A8F27DB12C5DB99E00472488 /* Trivia */,
				A8F27DC22C5DB9A200472488 /* TriviaTests */,
				A8F27DCC2C5DB9A200472488 /* TriviaUITests */,
				A8F27DB02C5DB99E00472488 /* Products */,
			);
			sourceTree = "<group>";
		};
		A8F27DB02C5DB99E00472488 /* Products */ = {
			isa = PBXGroup;
			children = (
				A8F27DAF2C5DB99E00472488 /* Trivia.app */,
				A8F27DBF2C5DB9A200472488 /* TriviaTests.xctest */,
				A8F27DC92C5DB9A200472488 /* TriviaUITests.xctest */,
			);
			name = Products;
			sourceTree = "<group>";
		};
		A8F27DB12C5DB99E00472488 /* Trivia */ = {
			isa = PBXGroup;
			children = (
				A8F27DB22C5DB99E00472488 /* TriviaApp.swift */,
				A8F27DB42C5DB99E00472488 /* ContentView.swift */,
				A8F27DB62C5DB9A100472488 /* Assets.xcassets */,
				A8F27DB82C5DB9A100472488 /* Preview Content */,
			);
			path = Trivia;
			sourceTree = "<group>";
		};
		A8F27DB82C5DB9A100472488 /* Preview Content */ = {
			isa = PBXGroup;
			children = (
				A8F27DB92C5DB9A100472488 /* Preview Assets.xcassets */,
			);
			path = "Preview Content";
			sourceTree = "<group>";
		};
		A8F27DC22C5DB9A200472488 /* TriviaTests */ = {
			isa = PBXGroup;
			children = (
				A8F27DC32C5DB9A200472488 /* TriviaTests.swift */,
			);
			path = TriviaTests;
			sourceTree = "<group>";
		};
		A8F27DCC2C5DB9A200472488 /* TriviaUITests */ = {
			isa = PBXGroup;
			children = (
				A8F27DCD2C5DB9A200472488 /* TriviaUITests.swift */,
				A8F27DCF2C5DB9A200472488 /* TriviaUITestsLaunchTests.swift */,
			);
			path = TriviaUITests;
			sourceTree = "<group>";
		};
/* End PBXGroup section */

/* Begin PBXNativeTarget section */
		A8F27DAE2C5DB99E00472488 /* Trivia */ = {
			isa = PBXNativeTarget;
			buildConfigurationList = A8F27DD32C5DB9A200472488 /* Build configuration list for PBXNativeTarget "Trivia" */;
			buildPhases = (
				A8F27DAB2C5DB99E00472488 /* Sources */,
				A8F27DAC2C5DB99E00472488 /* Frameworks */,
				A8F27DAD2C5DB99E00472488 /* Resources */,
			);
			buildRules = (
			);
			dependencies = (
			);
			name = Trivia;
			packageProductDependencies = (
				A8F27DE82C5DBE9A00472488 /* Auth */,
				A8F27DEA2C5DBE9A00472488 /* Realtime */,
				A8F27DEC2C5DBE9A00472488 /* Storage */,
				A8F27DEE2C5DBE9A00472488 /* Supabase */,
				A8F27DF62C5DC5C300472488 /* PostgREST */,
			);
			productName = Trivia;
			productReference = A8F27DAF2C5DB99E00472488 /* Trivia.app */;
			productType = "com.apple.product-type.application";
		};
		A8F27DBE2C5DB9A200472488 /* TriviaTests */ = {
			isa = PBXNativeTarget;
			buildConfigurationList = A8F27DD62C5DB9A200472488 /* Build configuration list for PBXNativeTarget "TriviaTests" */;
			buildPhases = (
				A8F27DBB2C5DB9A200472488 /* Sources */,
				A8F27DBC2C5DB9A200472488 /* Frameworks */,
				A8F27DBD2C5DB9A200472488 /* Resources */,
			);
			buildRules = (
			);
			dependencies = (
				A8F27DC12C5DB9A200472488 /* PBXTargetDependency */,
			);
			name = TriviaTests;
			productName = TriviaTests;
			productReference = A8F27DBF2C5DB9A200472488 /* TriviaTests.xctest */;
			productType = "com.apple.product-type.bundle.unit-test";
		};
		A8F27DC82C5DB9A200472488 /* TriviaUITests */ = {
			isa = PBXNativeTarget;
			buildConfigurationList = A8F27DD92C5DB9A200472488 /* Build configuration list for PBXNativeTarget "TriviaUITests" */;
			buildPhases = (
				A8F27DC52C5DB9A200472488 /* Sources */,
				A8F27DC62C5DB9A200472488 /* Frameworks */,
				A8F27DC72C5DB9A200472488 /* Resources */,
			);
			buildRules = (
			);
			dependencies = (
				A8F27DCB2C5DB9A200472488 /* PBXTargetDependency */,
			);
			name = TriviaUITests;
			productName = TriviaUITests;
			productReference = A8F27DC92C5DB9A200472488 /* TriviaUITests.xctest */;
			productType = "com.apple.product-type.bundle.ui-testing";
		};
/* End PBXNativeTarget section */

/* Begin PBXProject section */
		A8F27DA72C5DB99E00472488 /* Project object */ = {
			isa = PBXProject;
			attributes = {
				BuildIndependentTargetsInParallel = 1;
				LastSwiftUpdateCheck = 1540;
				LastUpgradeCheck = 1540;
				TargetAttributes = {
					A8F27DAE2C5DB99E00472488 = {
						CreatedOnToolsVersion = 15.4;
					};
					A8F27DBE2C5DB9A200472488 = {
						CreatedOnToolsVersion = 15.4;
						TestTargetID = A8F27DAE2C5DB99E00472488;
					};
					A8F27DC82C5DB9A200472488 = {
						CreatedOnToolsVersion = 15.4;
						TestTargetID = A8F27DAE2C5DB99E00472488;
					};
				};
			};
			buildConfigurationList = A8F27DAA2C5DB99E00472488 /* Build configuration list for PBXProject "Trivia" */;
			compatibilityVersion = "Xcode 14.0";
			developmentRegion = en;
			hasScannedForEncodings = 0;
			knownRegions = (
				en,
				Base,
			);
			mainGroup = A8F27DA62C5DB99E00472488;
			packageReferences = (
				A8F27DE72C5DBE9A00472488 /* XCRemoteSwiftPackageReference "supabase-swift" */,
			);
			productRefGroup = A8F27DB02C5DB99E00472488 /* Products */;
			projectDirPath = "";
			projectRoot = "";
			targets = (
				A8F27DAE2C5DB99E00472488 /* Trivia */,
				A8F27DBE2C5DB9A200472488 /* TriviaTests */,
				A8F27DC82C5DB9A200472488 /* TriviaUITests */,
			);
		};
/* End PBXProject section */

/* Begin PBXResourcesBuildPhase section */
		A8F27DAD2C5DB99E00472488 /* Resources */ = {
			isa = PBXResourcesBuildPhase;
			buildActionMask = 2147483647;
			files = (
				A8F27DBA2C5DB9A100472488 /* Preview Assets.xcassets in Resources */,
				A8F27DB72C5DB9A100472488 /* Assets.xcassets in Resources */,
			);
			runOnlyForDeploymentPostprocessing = 0;
		};
		A8F27DBD2C5DB9A200472488 /* Resources */ = {
			isa = PBXResourcesBuildPhase;
			buildActionMask = 2147483647;
			files = (
			);
			runOnlyForDeploymentPostprocessing = 0;
		};
		A8F27DC72C5DB9A200472488 /* Resources */ = {
			isa = PBXResourcesBuildPhase;
			buildActionMask = 2147483647;
			files = (
			);
			runOnlyForDeploymentPostprocessing = 0;
		};
/* End PBXResourcesBuildPhase section */

/* Begin PBXSourcesBuildPhase section */
		A8F27DAB2C5DB99E00472488 /* Sources */ = {
			isa = PBXSourcesBuildPhase;
			buildActionMask = 2147483647;
			files = (
				A8F27DFB2C5DC9A200472488 /* ScoreView.swift in Sources */,
				A8F27DFD2C5DD1F100472488 /* TriviaQuestionView.swift in Sources */,
				A8F27DB52C5DB99E00472488 /* ContentView.swift in Sources */,
				A8F27DFF2C5DDB6D00472488 /* CategoryView.swift in Sources */,
				A8F27DF32C5DC18400472488 /* QuestionView.swift in Sources */,
				A8F27E092C5EAB4200472488 /* LoginView.swift in Sources */,
				A8F27DF12C5DC06B00472488 /* Question.swift in Sources */,
				A8F27E0B2C5EAC0300472488 /* SignUpView.swift in Sources */,
				A8F27DB32C5DB99E00472488 /* TriviaApp.swift in Sources */,
				A8F27DF52C5DC1B100472488 /* GameView.swift in Sources */,
				A8F27DF92C5DC96900472488 /* WelcomeView.swift in Sources */,
			);
			runOnlyForDeploymentPostprocessing = 0;
		};
		A8F27DBB2C5DB9A200472488 /* Sources */ = {
			isa = PBXSourcesBuildPhase;
			buildActionMask = 2147483647;
			files = (
				A8F27DC42C5DB9A200472488 /* TriviaTests.swift in Sources */,
			);
			runOnlyForDeploymentPostprocessing = 0;
		};
		A8F27DC52C5DB9A200472488 /* Sources */ = {
			isa = PBXSourcesBuildPhase;
			buildActionMask = 2147483647;
			files = (
				A8F27DCE2C5DB9A200472488 /* TriviaUITests.swift in Sources */,
				A8F27DD02C5DB9A200472488 /* TriviaUITestsLaunchTests.swift in Sources */,
			);
			runOnlyForDeploymentPostprocessing = 0;
		};
/* End PBXSourcesBuildPhase section */

/* Begin PBXTargetDependency section */
		A8F27DC12C5DB9A200472488 /* PBXTargetDependency */ = {
			isa = PBXTargetDependency;
			target = A8F27DAE2C5DB99E00472488 /* Trivia */;
			targetProxy = A8F27DC02C5DB9A200472488 /* PBXContainerItemProxy */;
		};
		A8F27DCB2C5DB9A200472488 /* PBXTargetDependency */ = {
			isa = PBXTargetDependency;
			target = A8F27DAE2C5DB99E00472488 /* Trivia */;
			targetProxy = A8F27DCA2C5DB9A200472488 /* PBXContainerItemProxy */;
		};
/* End PBXTargetDependency section */

/* Begin XCBuildConfiguration section */
		A8F27DD12C5DB9A200472488 /* Debug */ = {
			isa = XCBuildConfiguration;
			buildSettings = {
				ALWAYS_SEARCH_USER_PATHS = NO;
				ASSETCATALOG_COMPILER_GENERATE_SWIFT_ASSET_SYMBOL_EXTENSIONS = YES;
				CLANG_ANALYZER_NONNULL = YES;
				CLANG_ANALYZER_NUMBER_OBJECT_CONVERSION = YES_AGGRESSIVE;
				CLANG_CXX_LANGUAGE_STANDARD = "gnu++20";
				CLANG_ENABLE_MODULES = YES;
				CLANG_ENABLE_OBJC_ARC = YES;
				CLANG_ENABLE_OBJC_WEAK = YES;
				CLANG_WARN_BLOCK_CAPTURE_AUTORELEASING = YES;
				CLANG_WARN_BOOL_CONVERSION = YES;
				CLANG_WARN_COMMA = YES;
				CLANG_WARN_CONSTANT_CONVERSION = YES;
				CLANG_WARN_DEPRECATED_OBJC_IMPLEMENTATIONS = YES;
				CLANG_WARN_DIRECT_OBJC_ISA_USAGE = YES_ERROR;
				CLANG_WARN_DOCUMENTATION_COMMENTS = YES;
				CLANG_WARN_EMPTY_BODY = YES;
				CLANG_WARN_ENUM_CONVERSION = YES;
				CLANG_WARN_INFINITE_RECURSION = YES;
				CLANG_WARN_INT_CONVERSION = YES;
				CLANG_WARN_NON_LITERAL_NULL_CONVERSION = YES;
				CLANG_WARN_OBJC_IMPLICIT_RETAIN_SELF = YES;
				CLANG_WARN_OBJC_LITERAL_CONVERSION = YES;
				CLANG_WARN_OBJC_ROOT_CLASS = YES_ERROR;
				CLANG_WARN_QUOTED_INCLUDE_IN_FRAMEWORK_HEADER = YES;
				CLANG_WARN_RANGE_LOOP_ANALYSIS = YES;
				CLANG_WARN_STRICT_PROTOTYPES = YES;
				CLANG_WARN_SUSPICIOUS_MOVE = YES;
				CLANG_WARN_UNGUARDED_AVAILABILITY = YES_AGGRESSIVE;
				CLANG_WARN_UNREACHABLE_CODE = YES;
				CLANG_WARN__DUPLICATE_METHOD_MATCH = YES;
				COPY_PHASE_STRIP = NO;
				DEBUG_INFORMATION_FORMAT = dwarf;
				ENABLE_STRICT_OBJC_MSGSEND = YES;
				ENABLE_TESTABILITY = YES;
				ENABLE_USER_SCRIPT_SANDBOXING = YES;
				GCC_C_LANGUAGE_STANDARD = gnu17;
				GCC_DYNAMIC_NO_PIC = NO;
				GCC_NO_COMMON_BLOCKS = YES;
				GCC_OPTIMIZATION_LEVEL = 0;
				GCC_PREPROCESSOR_DEFINITIONS = (
					"DEBUG=1",
					"$(inherited)",
				);
				GCC_WARN_64_TO_32_BIT_CONVERSION = YES;
				GCC_WARN_ABOUT_RETURN_TYPE = YES_ERROR;
				GCC_WARN_UNDECLARED_SELECTOR = YES;
				GCC_WARN_UNINITIALIZED_AUTOS = YES_AGGRESSIVE;
				GCC_WARN_UNUSED_FUNCTION = YES;
				GCC_WARN_UNUSED_VARIABLE = YES;
				IPHONEOS_DEPLOYMENT_TARGET = 17.5;
				LOCALIZATION_PREFERS_STRING_CATALOGS = YES;
				MTL_ENABLE_DEBUG_INFO = INCLUDE_SOURCE;
				MTL_FAST_MATH = YES;
				ONLY_ACTIVE_ARCH = YES;
				SDKROOT = iphoneos;
				SWIFT_ACTIVE_COMPILATION_CONDITIONS = "DEBUG $(inherited)";
				SWIFT_OPTIMIZATION_LEVEL = "-Onone";
			};
			name = Debug;
		};
		A8F27DD22C5DB9A200472488 /* Release */ = {
			isa = XCBuildConfiguration;
			buildSettings = {
				ALWAYS_SEARCH_USER_PATHS = NO;
				ASSETCATALOG_COMPILER_GENERATE_SWIFT_ASSET_SYMBOL_EXTENSIONS = YES;
				CLANG_ANALYZER_NONNULL = YES;
				CLANG_ANALYZER_NUMBER_OBJECT_CONVERSION = YES_AGGRESSIVE;
				CLANG_CXX_LANGUAGE_STANDARD = "gnu++20";
				CLANG_ENABLE_MODULES = YES;
				CLANG_ENABLE_OBJC_ARC = YES;
				CLANG_ENABLE_OBJC_WEAK = YES;
				CLANG_WARN_BLOCK_CAPTURE_AUTORELEASING = YES;
				CLANG_WARN_BOOL_CONVERSION = YES;
				CLANG_WARN_COMMA = YES;
				CLANG_WARN_CONSTANT_CONVERSION = YES;
				CLANG_WARN_DEPRECATED_OBJC_IMPLEMENTATIONS = YES;
				CLANG_WARN_DIRECT_OBJC_ISA_USAGE = YES_ERROR;
				CLANG_WARN_DOCUMENTATION_COMMENTS = YES;
				CLANG_WARN_EMPTY_BODY = YES;
				CLANG_WARN_ENUM_CONVERSION = YES;
				CLANG_WARN_INFINITE_RECURSION = YES;
				CLANG_WARN_INT_CONVERSION = YES;
				CLANG_WARN_NON_LITERAL_NULL_CONVERSION = YES;
				CLANG_WARN_OBJC_IMPLICIT_RETAIN_SELF = YES;
				CLANG_WARN_OBJC_LITERAL_CONVERSION = YES;
				CLANG_WARN_OBJC_ROOT_CLASS = YES_ERROR;
				CLANG_WARN_QUOTED_INCLUDE_IN_FRAMEWORK_HEADER = YES;
				CLANG_WARN_RANGE_LOOP_ANALYSIS = YES;
				CLANG_WARN_STRICT_PROTOTYPES = YES;
				CLANG_WARN_SUSPICIOUS_MOVE = YES;
				CLANG_WARN_UNGUARDED_AVAILABILITY = YES_AGGRESSIVE;
				CLANG_WARN_UNREACHABLE_CODE = YES;
				CLANG_WARN__DUPLICATE_METHOD_MATCH = YES;
				COPY_PHASE_STRIP = NO;
				DEBUG_INFORMATION_FORMAT = "dwarf-with-dsym";
				ENABLE_NS_ASSERTIONS = NO;
				ENABLE_STRICT_OBJC_MSGSEND = YES;
				ENABLE_USER_SCRIPT_SANDBOXING = YES;
				GCC_C_LANGUAGE_STANDARD = gnu17;
				GCC_NO_COMMON_BLOCKS = YES;
				GCC_WARN_64_TO_32_BIT_CONVERSION = YES;
				GCC_WARN_ABOUT_RETURN_TYPE = YES_ERROR;
				GCC_WARN_UNDECLARED_SELECTOR = YES;
				GCC_WARN_UNINITIALIZED_AUTOS = YES_AGGRESSIVE;
				GCC_WARN_UNUSED_FUNCTION = YES;
				GCC_WARN_UNUSED_VARIABLE = YES;
				IPHONEOS_DEPLOYMENT_TARGET = 17.5;
				LOCALIZATION_PREFERS_STRING_CATALOGS = YES;
				MTL_ENABLE_DEBUG_INFO = NO;
				MTL_FAST_MATH = YES;
				SDKROOT = iphoneos;
				SWIFT_COMPILATION_MODE = wholemodule;
				VALIDATE_PRODUCT = YES;
			};
			name = Release;
		};
		A8F27DD42C5DB9A200472488 /* Debug */ = {
			isa = XCBuildConfiguration;
			buildSettings = {
				ASSETCATALOG_COMPILER_APPICON_NAME = AppIcon;
				ASSETCATALOG_COMPILER_GLOBAL_ACCENT_COLOR_NAME = AccentColor;
				CODE_SIGN_STYLE = Automatic;
				CURRENT_PROJECT_VERSION = 1;
				DEVELOPMENT_ASSET_PATHS = "\"Trivia/Preview Content\"";
				DEVELOPMENT_TEAM = X6Y2YQX5UC;
				ENABLE_PREVIEWS = YES;
				GENERATE_INFOPLIST_FILE = YES;
				INFOPLIST_KEY_UIApplicationSceneManifest_Generation = YES;
				INFOPLIST_KEY_UIApplicationSupportsIndirectInputEvents = YES;
				INFOPLIST_KEY_UILaunchScreen_Generation = YES;
				INFOPLIST_KEY_UISupportedInterfaceOrientations_iPad = "UIInterfaceOrientationPortrait UIInterfaceOrientationPortraitUpsideDown UIInterfaceOrientationLandscapeLeft UIInterfaceOrientationLandscapeRight";
				INFOPLIST_KEY_UISupportedInterfaceOrientations_iPhone = "UIInterfaceOrientationPortrait UIInterfaceOrientationLandscapeLeft UIInterfaceOrientationLandscapeRight";
				LD_RUNPATH_SEARCH_PATHS = (
					"$(inherited)",
					"@executable_path/Frameworks",
				);
				MARKETING_VERSION = 1.0;
				PRODUCT_BUNDLE_IDENTIFIER = com.movil.Trivia;
				PRODUCT_NAME = "$(TARGET_NAME)";
				SWIFT_EMIT_LOC_STRINGS = YES;
				SWIFT_VERSION = 5.0;
				TARGETED_DEVICE_FAMILY = "1,2";
			};
			name = Debug;
		};
		A8F27DD52C5DB9A200472488 /* Release */ = {
			isa = XCBuildConfiguration;
			buildSettings = {
				ASSETCATALOG_COMPILER_APPICON_NAME = AppIcon;
				ASSETCATALOG_COMPILER_GLOBAL_ACCENT_COLOR_NAME = AccentColor;
				CODE_SIGN_STYLE = Automatic;
				CURRENT_PROJECT_VERSION = 1;
				DEVELOPMENT_ASSET_PATHS = "\"Trivia/Preview Content\"";
				DEVELOPMENT_TEAM = X6Y2YQX5UC;
				ENABLE_PREVIEWS = YES;
				GENERATE_INFOPLIST_FILE = YES;
				INFOPLIST_KEY_UIApplicationSceneManifest_Generation = YES;
				INFOPLIST_KEY_UIApplicationSupportsIndirectInputEvents = YES;
				INFOPLIST_KEY_UILaunchScreen_Generation = YES;
				INFOPLIST_KEY_UISupportedInterfaceOrientations_iPad = "UIInterfaceOrientationPortrait UIInterfaceOrientationPortraitUpsideDown UIInterfaceOrientationLandscapeLeft UIInterfaceOrientationLandscapeRight";
				INFOPLIST_KEY_UISupportedInterfaceOrientations_iPhone = "UIInterfaceOrientationPortrait UIInterfaceOrientationLandscapeLeft UIInterfaceOrientationLandscapeRight";
				LD_RUNPATH_SEARCH_PATHS = (
					"$(inherited)",
					"@executable_path/Frameworks",
				);
				MARKETING_VERSION = 1.0;
				PRODUCT_BUNDLE_IDENTIFIER = com.movil.Trivia;
				PRODUCT_NAME = "$(TARGET_NAME)";
				SWIFT_EMIT_LOC_STRINGS = YES;
				SWIFT_VERSION = 5.0;
				TARGETED_DEVICE_FAMILY = "1,2";
			};
			name = Release;
		};
		A8F27DD72C5DB9A200472488 /* Debug */ = {
			isa = XCBuildConfiguration;
			buildSettings = {
				ALWAYS_EMBED_SWIFT_STANDARD_LIBRARIES = YES;
				BUNDLE_LOADER = "$(TEST_HOST)";
				CODE_SIGN_STYLE = Automatic;
				CURRENT_PROJECT_VERSION = 1;
				DEVELOPMENT_TEAM = X6Y2YQX5UC;
				GENERATE_INFOPLIST_FILE = YES;
				IPHONEOS_DEPLOYMENT_TARGET = 17.5;
				MARKETING_VERSION = 1.0;
				PRODUCT_BUNDLE_IDENTIFIER = com.movil.TriviaTests;
				PRODUCT_NAME = "$(TARGET_NAME)";
				SWIFT_EMIT_LOC_STRINGS = NO;
				SWIFT_VERSION = 5.0;
				TARGETED_DEVICE_FAMILY = "1,2";
				TEST_HOST = "$(BUILT_PRODUCTS_DIR)/Trivia.app/$(BUNDLE_EXECUTABLE_FOLDER_PATH)/Trivia";
			};
			name = Debug;
		};
		A8F27DD82C5DB9A200472488 /* Release */ = {
			isa = XCBuildConfiguration;
			buildSettings = {
				ALWAYS_EMBED_SWIFT_STANDARD_LIBRARIES = YES;
				BUNDLE_LOADER = "$(TEST_HOST)";
				CODE_SIGN_STYLE = Automatic;
				CURRENT_PROJECT_VERSION = 1;
				DEVELOPMENT_TEAM = X6Y2YQX5UC;
				GENERATE_INFOPLIST_FILE = YES;
				IPHONEOS_DEPLOYMENT_TARGET = 17.5;
				MARKETING_VERSION = 1.0;
				PRODUCT_BUNDLE_IDENTIFIER = com.movil.TriviaTests;
				PRODUCT_NAME = "$(TARGET_NAME)";
				SWIFT_EMIT_LOC_STRINGS = NO;
				SWIFT_VERSION = 5.0;
				TARGETED_DEVICE_FAMILY = "1,2";
				TEST_HOST = "$(BUILT_PRODUCTS_DIR)/Trivia.app/$(BUNDLE_EXECUTABLE_FOLDER_PATH)/Trivia";
			};
			name = Release;
		};
		A8F27DDA2C5DB9A200472488 /* Debug */ = {
			isa = XCBuildConfiguration;
			buildSettings = {
				ALWAYS_EMBED_SWIFT_STANDARD_LIBRARIES = YES;
				CODE_SIGN_STYLE = Automatic;
				CURRENT_PROJECT_VERSION = 1;
				DEVELOPMENT_TEAM = X6Y2YQX5UC;
				GENERATE_INFOPLIST_FILE = YES;
				MARKETING_VERSION = 1.0;
				PRODUCT_BUNDLE_IDENTIFIER = com.movil.TriviaUITests;
				PRODUCT_NAME = "$(TARGET_NAME)";
				SWIFT_EMIT_LOC_STRINGS = NO;
				SWIFT_VERSION = 5.0;
				TARGETED_DEVICE_FAMILY = "1,2";
				TEST_TARGET_NAME = Trivia;
			};
			name = Debug;
		};
		A8F27DDB2C5DB9A200472488 /* Release */ = {
			isa = XCBuildConfiguration;
			buildSettings = {
				ALWAYS_EMBED_SWIFT_STANDARD_LIBRARIES = YES;
				CODE_SIGN_STYLE = Automatic;
				CURRENT_PROJECT_VERSION = 1;
				DEVELOPMENT_TEAM = X6Y2YQX5UC;
				GENERATE_INFOPLIST_FILE = YES;
				MARKETING_VERSION = 1.0;
				PRODUCT_BUNDLE_IDENTIFIER = com.movil.TriviaUITests;
				PRODUCT_NAME = "$(TARGET_NAME)";
				SWIFT_EMIT_LOC_STRINGS = NO;
				SWIFT_VERSION = 5.0;
				TARGETED_DEVICE_FAMILY = "1,2";
				TEST_TARGET_NAME = Trivia;
			};
			name = Release;
		};
/* End XCBuildConfiguration section */

/* Begin XCConfigurationList section */
		A8F27DAA2C5DB99E00472488 /* Build configuration list for PBXProject "Trivia" */ = {
			isa = XCConfigurationList;
			buildConfigurations = (
				A8F27DD12C5DB9A200472488 /* Debug */,
				A8F27DD22C5DB9A200472488 /* Release */,
			);
			defaultConfigurationIsVisible = 0;
			defaultConfigurationName = Release;
		};
		A8F27DD32C5DB9A200472488 /* Build configuration list for PBXNativeTarget "Trivia" */ = {
			isa = XCConfigurationList;
			buildConfigurations = (
				A8F27DD42C5DB9A200472488 /* Debug */,
				A8F27DD52C5DB9A200472488 /* Release */,
			);
			defaultConfigurationIsVisible = 0;
			defaultConfigurationName = Release;
		};
		A8F27DD62C5DB9A200472488 /* Build configuration list for PBXNativeTarget "TriviaTests" */ = {
			isa = XCConfigurationList;
			buildConfigurations = (
				A8F27DD72C5DB9A200472488 /* Debug */,
				A8F27DD82C5DB9A200472488 /* Release */,
			);
			defaultConfigurationIsVisible = 0;
			defaultConfigurationName = Release;
		};
		A8F27DD92C5DB9A200472488 /* Build configuration list for PBXNativeTarget "TriviaUITests" */ = {
			isa = XCConfigurationList;
			buildConfigurations = (
				A8F27DDA2C5DB9A200472488 /* Debug */,
				A8F27DDB2C5DB9A200472488 /* Release */,
			);
			defaultConfigurationIsVisible = 0;
			defaultConfigurationName = Release;
		};
/* End XCConfigurationList section */

/* Begin XCRemoteSwiftPackageReference section */
		A8F27DE72C5DBE9A00472488 /* XCRemoteSwiftPackageReference "supabase-swift" */ = {
			isa = XCRemoteSwiftPackageReference;
			repositoryURL = "https://github.com/supabase-community/supabase-swift";
			requirement = {
				kind = upToNextMajorVersion;
				minimumVersion = 2.5.1;
			};
		};
/* End XCRemoteSwiftPackageReference section */

/* Begin XCSwiftPackageProductDependency section */
		A8F27DE82C5DBE9A00472488 /* Auth */ = {
			isa = XCSwiftPackageProductDependency;
			package = A8F27DE72C5DBE9A00472488 /* XCRemoteSwiftPackageReference "supabase-swift" */;
			productName = Auth;
		};
		A8F27DEA2C5DBE9A00472488 /* Realtime */ = {
			isa = XCSwiftPackageProductDependency;
			package = A8F27DE72C5DBE9A00472488 /* XCRemoteSwiftPackageReference "supabase-swift" */;
			productName = Realtime;
		};
		A8F27DEC2C5DBE9A00472488 /* Storage */ = {
			isa = XCSwiftPackageProductDependency;
			package = A8F27DE72C5DBE9A00472488 /* XCRemoteSwiftPackageReference "supabase-swift" */;
			productName = Storage;
		};
		A8F27DEE2C5DBE9A00472488 /* Supabase */ = {
			isa = XCSwiftPackageProductDependency;
			package = A8F27DE72C5DBE9A00472488 /* XCRemoteSwiftPackageReference "supabase-swift" */;
			productName = Supabase;
		};
		A8F27DF62C5DC5C300472488 /* PostgREST */ = {
			isa = XCSwiftPackageProductDependency;
			package = A8F27DE72C5DBE9A00472488 /* XCRemoteSwiftPackageReference "supabase-swift" */;
			productName = PostgREST;
		};
/* End XCSwiftPackageProductDependency section */
	};
	rootObject = A8F27DA72C5DB99E00472488 /* Project object */;
}
